
Microsoft Visual Studio Solution File, Format Version 12.00
# Visual Studio Version 17
VisualStudioVersion = 17.4.33205.214
MinimumVisualStudioVersion = 10.0.40219.1
Project("{FAE04EC0-301F-11D3-BF4B-00C04F79EFBC}") = "Dijkstra SSSP", "Dijkstra SSSP\Dijkstra SSSP.csproj", "{19C91ECB-5E1B-4758-A486-299122D0B595}"
EndProject
Global
	GlobalSection(SolutionConfigurationPlatforms) = preSolution
		Debug|Any CPU = Debug|Any CPU
		Release|Any CPU = Release|Any CPU
	EndGlobalSection
	GlobalSection(ProjectConfigurationPlatforms) = postSolution
		{19C91ECB-5E1B-4758-A486-299122D0B595}.Debug|Any CPU.ActiveCfg = Debug|Any CPU
		{19C91ECB-5E1B-4758-A486-299122D0B595}.Debug|Any CPU.Build.0 = Debug|Any CPU
		{19C91ECB-5E1B-4758-A486-299122D0B595}.Release|Any CPU.ActiveCfg = Release|Any CPU
		{19C91ECB-5E1B-4758-A486-299122D0B595}.Release|Any CPU.Build.0 = Release|Any CPU
	EndGlobalSection
	GlobalSection(SolutionProperties) = preSolution
		HideSolutionNode = FALSE
	EndGlobalSection
	GlobalSection(ExtensibilityGlobals) = postSolution
		SolutionGuid = {59BF5F90-EC4E-4996-9CE8-7B31D2F3505C}
	EndGlobalSection
EndGlobal
