
Microsoft Visual Studio Solution File, Format Version 12.00
# Visual Studio Version 17
VisualStudioVersion = 17.4.33205.214
MinimumVisualStudioVersion = 10.0.40219.1
Project("{FAE04EC0-301F-11D3-BF4B-00C04F79EFBC}") = "Kruksal MSP", "Kruksal MSP\Kruksal MSP.csproj", "{AA46E61A-D69B-4F65-A1DE-EA449F17D776}"
EndProject
Global
	GlobalSection(SolutionConfigurationPlatforms) = preSolution
		Debug|Any CPU = Debug|Any CPU
		Release|Any CPU = Release|Any CPU
	EndGlobalSection
	GlobalSection(ProjectConfigurationPlatforms) = postSolution
		{AA46E61A-D69B-4F65-A1DE-EA449F17D776}.Debug|Any CPU.ActiveCfg = Debug|Any CPU
		{AA46E61A-D69B-4F65-A1DE-EA449F17D776}.Debug|Any CPU.Build.0 = Debug|Any CPU
		{AA46E61A-D69B-4F65-A1DE-EA449F17D776}.Release|Any CPU.ActiveCfg = Release|Any CPU
		{AA46E61A-D69B-4F65-A1DE-EA449F17D776}.Release|Any CPU.Build.0 = Release|Any CPU
	EndGlobalSection
	GlobalSection(SolutionProperties) = preSolution
		HideSolutionNode = FALSE
	EndGlobalSection
	GlobalSection(ExtensibilityGlobals) = postSolution
		SolutionGuid = {77A5B04E-C7DA-479B-920E-AA03EC949A42}
	EndGlobalSection
EndGlobal
