
Microsoft Visual Studio Solution File, Format Version 12.00
# Visual Studio Version 17
VisualStudioVersion = 17.4.33205.214
MinimumVisualStudioVersion = 10.0.40219.1
Project("{FAE04EC0-301F-11D3-BF4B-00C04F79EFBC}") = "Insertion Sort", "Insertion Sort\Insertion Sort.csproj", "{5A27D6B3-66E9-44AF-A8C8-67C6074B2148}"
EndProject
Global
	GlobalSection(SolutionConfigurationPlatforms) = preSolution
		Debug|Any CPU = Debug|Any CPU
		Release|Any CPU = Release|Any CPU
	EndGlobalSection
	GlobalSection(ProjectConfigurationPlatforms) = postSolution
		{5A27D6B3-66E9-44AF-A8C8-67C6074B2148}.Debug|Any CPU.ActiveCfg = Debug|Any CPU
		{5A27D6B3-66E9-44AF-A8C8-67C6074B2148}.Debug|Any CPU.Build.0 = Debug|Any CPU
		{5A27D6B3-66E9-44AF-A8C8-67C6074B2148}.Release|Any CPU.ActiveCfg = Release|Any CPU
		{5A27D6B3-66E9-44AF-A8C8-67C6074B2148}.Release|Any CPU.Build.0 = Release|Any CPU
	EndGlobalSection
	GlobalSection(SolutionProperties) = preSolution
		HideSolutionNode = FALSE
	EndGlobalSection
	GlobalSection(ExtensibilityGlobals) = postSolution
		SolutionGuid = {88C0C6AC-422C-4273-B8B4-78C7A7CF20E4}
	EndGlobalSection
EndGlobal
