
Microsoft Visual Studio Solution File, Format Version 12.00
# Visual Studio Version 17
VisualStudioVersion = 17.4.33205.214
MinimumVisualStudioVersion = 10.0.40219.1
Project("{FAE04EC0-301F-11D3-BF4B-00C04F79EFBC}") = "DFS", "DFS\DFS.csproj", "{09761EB6-C551-49F3-8C80-874ED432463F}"
EndProject
Global
	GlobalSection(SolutionConfigurationPlatforms) = preSolution
		Debug|Any CPU = Debug|Any CPU
		Release|Any CPU = Release|Any CPU
	EndGlobalSection
	GlobalSection(ProjectConfigurationPlatforms) = postSolution
		{09761EB6-C551-49F3-8C80-874ED432463F}.Debug|Any CPU.ActiveCfg = Debug|Any CPU
		{09761EB6-C551-49F3-8C80-874ED432463F}.Debug|Any CPU.Build.0 = Debug|Any CPU
		{09761EB6-C551-49F3-8C80-874ED432463F}.Release|Any CPU.ActiveCfg = Release|Any CPU
		{09761EB6-C551-49F3-8C80-874ED432463F}.Release|Any CPU.Build.0 = Release|Any CPU
	EndGlobalSection
	GlobalSection(SolutionProperties) = preSolution
		HideSolutionNode = FALSE
	EndGlobalSection
	GlobalSection(ExtensibilityGlobals) = postSolution
		SolutionGuid = {D7BF8057-2816-4A28-A7E1-510A8A4A43F4}
	EndGlobalSection
EndGlobal
